
Microsoft Visual Studio Solution File, Format Version 12.00
# Visual Studio Version 16
VisualStudioVersion = 16.0.31702.278
MinimumVisualStudioVersion = 10.0.40219.1
Project("{9A19103F-16F7-4668-BE54-9A1E7A4F7556}") = "Proyecto_SistemaVotos", "Proyecto_SistemaVotos\Proyecto_SistemaVotos.csproj", "{6BEEC866-C663-48BB-911B-F71F37067278}"
EndProject
Global
	GlobalSection(SolutionConfigurationPlatforms) = preSolution
		Debug|Any CPU = Debug|Any CPU
		Release|Any CPU = Release|Any CPU
	EndGlobalSection
	GlobalSection(ProjectConfigurationPlatforms) = postSolution
		{6BEEC866-C663-48BB-911B-F71F37067278}.Debug|Any CPU.ActiveCfg = Debug|Any CPU
		{6BEEC866-C663-48BB-911B-F71F37067278}.Debug|Any CPU.Build.0 = Debug|Any CPU
		{6BEEC866-C663-48BB-911B-F71F37067278}.Release|Any CPU.ActiveCfg = Release|Any CPU
		{6BEEC866-C663-48BB-911B-F71F37067278}.Release|Any CPU.Build.0 = Release|Any CPU
	EndGlobalSection
	GlobalSection(SolutionProperties) = preSolution
		HideSolutionNode = FALSE
	EndGlobalSection
	GlobalSection(ExtensibilityGlobals) = postSolution
		SolutionGuid = {085ACCB1-703C-4E51-8CCA-AE83BBA536F6}
	EndGlobalSection
EndGlobal
